
Microsoft Visual Studio Solution File, Format Version 12.00
# Visual Studio Version 17
VisualStudioVersion = 17.5.33502.453
MinimumVisualStudioVersion = 10.0.40219.1
Project("{FAE04EC0-301F-11D3-BF4B-00C04F79EFBC}") = "EntityDemo", "EntityDemo.csproj", "{8FE68FA1-788C-42E2-9713-98FFFBF60CC0}"
EndProject
Global
	GlobalSection(SolutionConfigurationPlatforms) = preSolution
		Debug|Any CPU = Debug|Any CPU
		Release|Any CPU = Release|Any CPU
	EndGlobalSection
	GlobalSection(ProjectConfigurationPlatforms) = postSolution
		{8FE68FA1-788C-42E2-9713-98FFFBF60CC0}.Debug|Any CPU.ActiveCfg = Debug|Any CPU
		{8FE68FA1-788C-42E2-9713-98FFFBF60CC0}.Debug|Any CPU.Build.0 = Debug|Any CPU
		{8FE68FA1-788C-42E2-9713-98FFFBF60CC0}.Release|Any CPU.ActiveCfg = Release|Any CPU
		{8FE68FA1-788C-42E2-9713-98FFFBF60CC0}.Release|Any CPU.Build.0 = Release|Any CPU
	EndGlobalSection
	GlobalSection(SolutionProperties) = preSolution
		HideSolutionNode = FALSE
	EndGlobalSection
	GlobalSection(ExtensibilityGlobals) = postSolution
		SolutionGuid = {FAFB0D2E-2AC1-47CE-BC09-FABD09DAFEE7}
	EndGlobalSection
EndGlobal
